// !$*UTF8*$!
{
	archiveVersion = 1;
	classes = {
	};
	objectVersion = 50;
	objects = {

/* Begin PBXBuildFile section */
		9642BE5925E5BCCD00AAD723 /* ExploreData.plist in Resources */ = {isa = PBXBuildFile; fileRef = 9642BE5825E5BCCD00AAD723 /* ExploreData.plist */; };
		9642BE5B25E5BDDA00AAD723 /* ExploreItem.swift in Sources */ = {isa = PBXBuildFile; fileRef = 9642BE5A25E5BDDA00AAD723 /* ExploreItem.swift */; };
		9642BE5D25E5C27000AAD723 /* ExploreDataManager.swift in Sources */ = {isa = PBXBuildFile; fileRef = 9642BE5C25E5C27000AAD723 /* ExploreDataManager.swift */; };
		9642BE6025E5CB5800AAD723 /* ExploreCell.swift in Sources */ = {isa = PBXBuildFile; fileRef = 9642BE5F25E5CB5800AAD723 /* ExploreCell.swift */; };
		9649A32325E0774100B57B12 /* ExploreViewController.swift in Sources */ = {isa = PBXBuildFile; fileRef = 9649A32225E0774100B57B12 /* ExploreViewController.swift */; };
		964A1E2925DF9401001598CB /* Assets.xcassets in Resources */ = {isa = PBXBuildFile; fileRef = 964A1E2825DF9401001598CB /* Assets.xcassets */; };
		9697F14525E70DFC003218AE /* LocationViewController.swift in Sources */ = {isa = PBXBuildFile; fileRef = 9697F14425E70DFC003218AE /* LocationViewController.swift */; };
		96B18F6625DF7B50002199D3 /* AppDelegate.swift in Sources */ = {isa = PBXBuildFile; fileRef = 96B18F6525DF7B50002199D3 /* AppDelegate.swift */; };
		96B18F6825DF7B50002199D3 /* SceneDelegate.swift in Sources */ = {isa = PBXBuildFile; fileRef = 96B18F6725DF7B50002199D3 /* SceneDelegate.swift */; };
		96B18F6D25DF7B50002199D3 /* Main.storyboard in Resources */ = {isa = PBXBuildFile; fileRef = 96B18F6B25DF7B50002199D3 /* Main.storyboard */; };
		96B18F7225DF7B52002199D3 /* LaunchScreen.storyboard in Resources */ = {isa = PBXBuildFile; fileRef = 96B18F7025DF7B52002199D3 /* LaunchScreen.storyboard */; };
		96B674A425E217DA0082A0D4 /* RestauranListViewController.swift in Sources */ = {isa = PBXBuildFile; fileRef = 96B674A325E217DA0082A0D4 /* RestauranListViewController.swift */; };
/* End PBXBuildFile section */

/* Begin PBXFileReference section */
		9642BE5825E5BCCD00AAD723 /* ExploreData.plist */ = {isa = PBXFileReference; fileEncoding = 4; lastKnownFileType = text.plist.xml; path = ExploreData.plist; sourceTree = "<group>"; };
		9642BE5A25E5BDDA00AAD723 /* ExploreItem.swift */ = {isa = PBXFileReference; lastKnownFileType = sourcecode.swift; path = ExploreItem.swift; sourceTree = "<group>"; };
		9642BE5C25E5C27000AAD723 /* ExploreDataManager.swift */ = {isa = PBXFileReference; lastKnownFileType = sourcecode.swift; path = ExploreDataManager.swift; sourceTree = "<group>"; };
		9642BE5F25E5CB5800AAD723 /* ExploreCell.swift */ = {isa = PBXFileReference; lastKnownFileType = sourcecode.swift; path = ExploreCell.swift; sourceTree = "<group>"; };
		9649A32225E0774100B57B12 /* ExploreViewController.swift */ = {isa = PBXFileReference; lastKnownFileType = sourcecode.swift; path = ExploreViewController.swift; sourceTree = "<group>"; };
		964A1E2825DF9401001598CB /* Assets.xcassets */ = {isa = PBXFileReference; lastKnownFileType = folder.assetcatalog; path = Assets.xcassets; sourceTree = "<group>"; };
		9697F14425E70DFC003218AE /* LocationViewController.swift */ = {isa = PBXFileReference; lastKnownFileType = sourcecode.swift; path = LocationViewController.swift; sourceTree = "<group>"; };
		96B18F6225DF7B50002199D3 /* LetsEat.app */ = {isa = PBXFileReference; explicitFileType = wrapper.application; includeInIndex = 0; path = LetsEat.app; sourceTree = BUILT_PRODUCTS_DIR; };
		96B18F6525DF7B50002199D3 /* AppDelegate.swift */ = {isa = PBXFileReference; lastKnownFileType = sourcecode.swift; path = AppDelegate.swift; sourceTree = "<group>"; };
		96B18F6725DF7B50002199D3 /* SceneDelegate.swift */ = {isa = PBXFileReference; lastKnownFileType = sourcecode.swift; path = SceneDelegate.swift; sourceTree = "<group>"; };
		96B18F6C25DF7B50002199D3 /* Base */ = {isa = PBXFileReference; lastKnownFileType = file.storyboard; name = Base; path = Base.lproj/Main.storyboard; sourceTree = "<group>"; };
		96B18F7125DF7B52002199D3 /* Base */ = {isa = PBXFileReference; lastKnownFileType = file.storyboard; name = Base; path = Base.lproj/LaunchScreen.storyboard; sourceTree = "<group>"; };
		96B18F7325DF7B52002199D3 /* Info.plist */ = {isa = PBXFileReference; lastKnownFileType = text.plist.xml; path = Info.plist; sourceTree = "<group>"; };
		96B674A325E217DA0082A0D4 /* RestauranListViewController.swift */ = {isa = PBXFileReference; lastKnownFileType = sourcecode.swift; path = RestauranListViewController.swift; sourceTree = "<group>"; };
/* End PBXFileReference section */

/* Begin PBXFrameworksBuildPhase section */
		96B18F5F25DF7B50002199D3 /* Frameworks */ = {
			isa = PBXFrameworksBuildPhase;
			buildActionMask = 2147483647;
			files = (
			);
			runOnlyForDeploymentPostprocessing = 0;
		};
/* End PBXFrameworksBuildPhase section */

/* Begin PBXGroup section */
		9642BE5725E5BC9900AAD723 /* Model */ = {
			isa = PBXGroup;
			children = (
				9642BE5825E5BCCD00AAD723 /* ExploreData.plist */,
				9642BE5A25E5BDDA00AAD723 /* ExploreItem.swift */,
				9642BE5C25E5C27000AAD723 /* ExploreDataManager.swift */,
			);
			path = Model;
			sourceTree = "<group>";
		};
		9642BE5E25E5CAFD00AAD723 /* View */ = {
			isa = PBXGroup;
			children = (
				9642BE5F25E5CB5800AAD723 /* ExploreCell.swift */,
			);
			path = View;
			sourceTree = "<group>";
		};
		9649A32125E0767500B57B12 /* Explore */ = {
			isa = PBXGroup;
			children = (
				9649A32225E0774100B57B12 /* ExploreViewController.swift */,
			);
			path = Explore;
			sourceTree = "<group>";
		};
		9697F14125E70D85003218AE /* Location */ = {
			isa = PBXGroup;
			children = (
				9697F14325E70DA1003218AE /* Model */,
				9697F14225E70D91003218AE /* View */,
				9697F14425E70DFC003218AE /* LocationViewController.swift */,
			);
			path = Location;
			sourceTree = "<group>";
		};
		9697F14225E70D91003218AE /* View */ = {
			isa = PBXGroup;
			children = (
			);
			path = View;
			sourceTree = "<group>";
		};
		9697F14325E70DA1003218AE /* Model */ = {
			isa = PBXGroup;
			children = (
			);
			path = Model;
			sourceTree = "<group>";
		};
		96B18F5925DF7B50002199D3 = {
			isa = PBXGroup;
			children = (
				96B18F6425DF7B50002199D3 /* LetsEat */,
				96B18F6325DF7B50002199D3 /* Products */,
			);
			sourceTree = "<group>";
		};
		96B18F6325DF7B50002199D3 /* Products */ = {
			isa = PBXGroup;
			children = (
				96B18F6225DF7B50002199D3 /* LetsEat.app */,
			);
			name = Products;
			sourceTree = "<group>";
		};
		96B18F6425DF7B50002199D3 /* LetsEat */ = {
			isa = PBXGroup;
			children = (
				9697F14125E70D85003218AE /* Location */,
				9642BE5E25E5CAFD00AAD723 /* View */,
				9642BE5725E5BC9900AAD723 /* Model */,
				96B674A225E2177C0082A0D4 /* Restaurants */,
				9649A32125E0767500B57B12 /* Explore */,
				96B18F6525DF7B50002199D3 /* AppDelegate.swift */,
				96B18F6725DF7B50002199D3 /* SceneDelegate.swift */,
				96B18F6B25DF7B50002199D3 /* Main.storyboard */,
				964A1E2825DF9401001598CB /* Assets.xcassets */,
				96B18F7025DF7B52002199D3 /* LaunchScreen.storyboard */,
				96B18F7325DF7B52002199D3 /* Info.plist */,
			);
			path = LetsEat;
			sourceTree = "<group>";
		};
		96B674A225E2177C0082A0D4 /* Restaurants */ = {
			isa = PBXGroup;
			children = (
				96B674A325E217DA0082A0D4 /* RestauranListViewController.swift */,
			);
			path = Restaurants;
			sourceTree = "<group>";
		};
/* End PBXGroup section */

/* Begin PBXNativeTarget section */
		96B18F6125DF7B50002199D3 /* LetsEat */ = {
			isa = PBXNativeTarget;
			buildConfigurationList = 96B18F7625DF7B52002199D3 /* Build configuration list for PBXNativeTarget "LetsEat" */;
			buildPhases = (
				96B18F5E25DF7B50002199D3 /* Sources */,
				96B18F5F25DF7B50002199D3 /* Frameworks */,
				96B18F6025DF7B50002199D3 /* Resources */,
			);
			buildRules = (
			);
			dependencies = (
			);
			name = LetsEat;
			productName = LetsEat;
			productReference = 96B18F6225DF7B50002199D3 /* LetsEat.app */;
			productType = "com.apple.product-type.application";
		};
/* End PBXNativeTarget section */

/* Begin PBXProject section */
		96B18F5A25DF7B50002199D3 /* Project object */ = {
			isa = PBXProject;
			attributes = {
				LastSwiftUpdateCheck = 1170;
				LastUpgradeCheck = 1170;
				ORGANIZATIONNAME = AmauryGz;
				TargetAttributes = {
					96B18F6125DF7B50002199D3 = {
						CreatedOnToolsVersion = 11.7;
					};
				};
			};
			buildConfigurationList = 96B18F5D25DF7B50002199D3 /* Build configuration list for PBXProject "LetsEat" */;
			compatibilityVersion = "Xcode 9.3";
			developmentRegion = en;
			hasScannedForEncodings = 0;
			knownRegions = (
				en,
				Base,
			);
			mainGroup = 96B18F5925DF7B50002199D3;
			productRefGroup = 96B18F6325DF7B50002199D3 /* Products */;
			projectDirPath = "";
			projectRoot = "";
			targets = (
				96B18F6125DF7B50002199D3 /* LetsEat */,
			);
		};
/* End PBXProject section */

/* Begin PBXResourcesBuildPhase section */
		96B18F6025DF7B50002199D3 /* Resources */ = {
			isa = PBXResourcesBuildPhase;
			buildActionMask = 2147483647;
			files = (
				9642BE5925E5BCCD00AAD723 /* ExploreData.plist in Resources */,
				96B18F7225DF7B52002199D3 /* LaunchScreen.storyboard in Resources */,
				964A1E2925DF9401001598CB /* Assets.xcassets in Resources */,
				96B18F6D25DF7B50002199D3 /* Main.storyboard in Resources */,
			);
			runOnlyForDeploymentPostprocessing = 0;
		};
/* End PBXResourcesBuildPhase section */

/* Begin PBXSourcesBuildPhase section */
		96B18F5E25DF7B50002199D3 /* Sources */ = {
			isa = PBXSourcesBuildPhase;
			buildActionMask = 2147483647;
			files = (
				9642BE5B25E5BDDA00AAD723 /* ExploreItem.swift in Sources */,
				9642BE6025E5CB5800AAD723 /* ExploreCell.swift in Sources */,
				96B674A425E217DA0082A0D4 /* RestauranListViewController.swift in Sources */,
				96B18F6625DF7B50002199D3 /* AppDelegate.swift in Sources */,
				96B18F6825DF7B50002199D3 /* SceneDelegate.swift in Sources */,
				9649A32325E0774100B57B12 /* ExploreViewController.swift in Sources */,
				9642BE5D25E5C27000AAD723 /* ExploreDataManager.swift in Sources */,
				9697F14525E70DFC003218AE /* LocationViewController.swift in Sources */,
			);
			runOnlyForDeploymentPostprocessing = 0;
		};
/* End PBXSourcesBuildPhase section */

/* Begin PBXVariantGroup section */
		96B18F6B25DF7B50002199D3 /* Main.storyboard */ = {
			isa = PBXVariantGroup;
			children = (
				96B18F6C25DF7B50002199D3 /* Base */,
			);
			name = Main.storyboard;
			sourceTree = "<group>";
		};
		96B18F7025DF7B52002199D3 /* LaunchScreen.storyboard */ = {
			isa = PBXVariantGroup;
			children = (
				96B18F7125DF7B52002199D3 /* Base */,
			);
			name = LaunchScreen.storyboard;
			sourceTree = "<group>";
		};
/* End PBXVariantGroup section */

/* Begin XCBuildConfiguration section */
		96B18F7425DF7B52002199D3 /* Debug */ = {
			isa = XCBuildConfiguration;
			buildSettings = {
				ALWAYS_SEARCH_USER_PATHS = NO;
				CLANG_ANALYZER_NONNULL = YES;
				CLANG_ANALYZER_NUMBER_OBJECT_CONVERSION = YES_AGGRESSIVE;
				CLANG_CXX_LANGUAGE_STANDARD = "gnu++14";
				CLANG_CXX_LIBRARY = "libc++";
				CLANG_ENABLE_MODULES = YES;
				CLANG_ENABLE_OBJC_ARC = YES;
				CLANG_ENABLE_OBJC_WEAK = YES;
				CLANG_WARN_BLOCK_CAPTURE_AUTORELEASING = YES;
				CLANG_WARN_BOOL_CONVERSION = YES;
				CLANG_WARN_COMMA = YES;
				CLANG_WARN_CONSTANT_CONVERSION = YES;
				CLANG_WARN_DEPRECATED_OBJC_IMPLEMENTATIONS = YES;
				CLANG_WARN_DIRECT_OBJC_ISA_USAGE = YES_ERROR;
				CLANG_WARN_DOCUMENTATION_COMMENTS = YES;
				CLANG_WARN_EMPTY_BODY = YES;
				CLANG_WARN_ENUM_CONVERSION = YES;
				CLANG_WARN_INFINITE_RECURSION = YES;
				CLANG_WARN_INT_CONVERSION = YES;
				CLANG_WARN_NON_LITERAL_NULL_CONVERSION = YES;
				CLANG_WARN_OBJC_IMPLICIT_RETAIN_SELF = YES;
				CLANG_WARN_OBJC_LITERAL_CONVERSION = YES;
				CLANG_WARN_OBJC_ROOT_CLASS = YES_ERROR;
				CLANG_WARN_RANGE_LOOP_ANALYSIS = YES;
				CLANG_WARN_STRICT_PROTOTYPES = YES;
				CLANG_WARN_SUSPICIOUS_MOVE = YES;
				CLANG_WARN_UNGUARDED_AVAILABILITY = YES_AGGRESSIVE;
				CLANG_WARN_UNREACHABLE_CODE = YES;
				CLANG_WARN__DUPLICATE_METHOD_MATCH = YES;
				COPY_PHASE_STRIP = NO;
				DEBUG_INFORMATION_FORMAT = dwarf;
				ENABLE_STRICT_OBJC_MSGSEND = YES;
				ENABLE_TESTABILITY = YES;
				GCC_C_LANGUAGE_STANDARD = gnu11;
				GCC_DYNAMIC_NO_PIC = NO;
				GCC_NO_COMMON_BLOCKS = YES;
				GCC_OPTIMIZATION_LEVEL = 0;
				GCC_PREPROCESSOR_DEFINITIONS = (
					"DEBUG=1",
					"$(inherited)",
				);
				GCC_WARN_64_TO_32_BIT_CONVERSION = YES;
				GCC_WARN_ABOUT_RETURN_TYPE = YES_ERROR;
				GCC_WARN_UNDECLARED_SELECTOR = YES;
				GCC_WARN_UNINITIALIZED_AUTOS = YES_AGGRESSIVE;
				GCC_WARN_UNUSED_FUNCTION = YES;
				GCC_WARN_UNUSED_VARIABLE = YES;
				IPHONEOS_DEPLOYMENT_TARGET = 13.7;
				MTL_ENABLE_DEBUG_INFO = INCLUDE_SOURCE;
				MTL_FAST_MATH = YES;
				ONLY_ACTIVE_ARCH = YES;
				SDKROOT = iphoneos;
				SWIFT_ACTIVE_COMPILATION_CONDITIONS = DEBUG;
				SWIFT_OPTIMIZATION_LEVEL = "-Onone";
			};
			name = Debug;
		};
		96B18F7525DF7B52002199D3 /* Release */ = {
			isa = XCBuildConfiguration;
			buildSettings = {
				ALWAYS_SEARCH_USER_PATHS = NO;
				CLANG_ANALYZER_NONNULL = YES;
				CLANG_ANALYZER_NUMBER_OBJECT_CONVERSION = YES_AGGRESSIVE;
				CLANG_CXX_LANGUAGE_STANDARD = "gnu++14";
				CLANG_CXX_LIBRARY = "libc++";
				CLANG_ENABLE_MODULES = YES;
				CLANG_ENABLE_OBJC_ARC = YES;
				CLANG_ENABLE_OBJC_WEAK = YES;
				CLANG_WARN_BLOCK_CAPTURE_AUTORELEASING = YES;
				CLANG_WARN_BOOL_CONVERSION = YES;
				CLANG_WARN_COMMA = YES;
				CLANG_WARN_CONSTANT_CONVERSION = YES;
				CLANG_WARN_DEPRECATED_OBJC_IMPLEMENTATIONS = YES;
				CLANG_WARN_DIRECT_OBJC_ISA_USAGE = YES_ERROR;
				CLANG_WARN_DOCUMENTATION_COMMENTS = YES;
				CLANG_WARN_EMPTY_BODY = YES;
				CLANG_WARN_ENUM_CONVERSION = YES;
				CLANG_WARN_INFINITE_RECURSION = YES;
				CLANG_WARN_INT_CONVERSION = YES;
				CLANG_WARN_NON_LITERAL_NULL_CONVERSION = YES;
				CLANG_WARN_OBJC_IMPLICIT_RETAIN_SELF = YES;
				CLANG_WARN_OBJC_LITERAL_CONVERSION = YES;
				CLANG_WARN_OBJC_ROOT_CLASS = YES_ERROR;
				CLANG_WARN_RANGE_LOOP_ANALYSIS = YES;
				CLANG_WARN_STRICT_PROTOTYPES = YES;
				CLANG_WARN_SUSPICIOUS_MOVE = YES;
				CLANG_WARN_UNGUARDED_AVAILABILITY = YES_AGGRESSIVE;
				CLANG_WARN_UNREACHABLE_CODE = YES;
				CLANG_WARN__DUPLICATE_METHOD_MATCH = YES;
				COPY_PHASE_STRIP = NO;
				DEBUG_INFORMATION_FORMAT = "dwarf-with-dsym";
				ENABLE_NS_ASSERTIONS = NO;
				ENABLE_STRICT_OBJC_MSGSEND = YES;
				GCC_C_LANGUAGE_STANDARD = gnu11;
				GCC_NO_COMMON_BLOCKS = YES;
				GCC_WARN_64_TO_32_BIT_CONVERSION = YES;
				GCC_WARN_ABOUT_RETURN_TYPE = YES_ERROR;
				GCC_WARN_UNDECLARED_SELECTOR = YES;
				GCC_WARN_UNINITIALIZED_AUTOS = YES_AGGRESSIVE;
				GCC_WARN_UNUSED_FUNCTION = YES;
				GCC_WARN_UNUSED_VARIABLE = YES;
				IPHONEOS_DEPLOYMENT_TARGET = 13.7;
				MTL_ENABLE_DEBUG_INFO = NO;
				MTL_FAST_MATH = YES;
				SDKROOT = iphoneos;
				SWIFT_COMPILATION_MODE = wholemodule;
				SWIFT_OPTIMIZATION_LEVEL = "-O";
				VALIDATE_PRODUCT = YES;
			};
			name = Release;
		};
		96B18F7725DF7B52002199D3 /* Debug */ = {
			isa = XCBuildConfiguration;
			buildSettings = {
				ASSETCATALOG_COMPILER_APPICON_NAME = AppIcon;
				CODE_SIGN_STYLE = Automatic;
				DEVELOPMENT_TEAM = 5D4U26VJUR;
				INFOPLIST_FILE = LetsEat/Info.plist;
				LD_RUNPATH_SEARCH_PATHS = (
					"$(inherited)",
					"@executable_path/Frameworks",
				);
				PRODUCT_BUNDLE_IDENTIFIER = com.gzamaury.LetsEat;
				PRODUCT_NAME = "$(TARGET_NAME)";
				SWIFT_VERSION = 5.0;
				TARGETED_DEVICE_FAMILY = "1,2";
			};
			name = Debug;
		};
		96B18F7825DF7B52002199D3 /* Release */ = {
			isa = XCBuildConfiguration;
			buildSettings = {
				ASSETCATALOG_COMPILER_APPICON_NAME = AppIcon;
				CODE_SIGN_STYLE = Automatic;
				DEVELOPMENT_TEAM = 5D4U26VJUR;
				INFOPLIST_FILE = LetsEat/Info.plist;
				LD_RUNPATH_SEARCH_PATHS = (
					"$(inherited)",
					"@executable_path/Frameworks",
				);
				PRODUCT_BUNDLE_IDENTIFIER = com.gzamaury.LetsEat;
				PRODUCT_NAME = "$(TARGET_NAME)";
				SWIFT_VERSION = 5.0;
				TARGETED_DEVICE_FAMILY = "1,2";
			};
			name = Release;
		};
/* End XCBuildConfiguration section */

/* Begin XCConfigurationList section */
		96B18F5D25DF7B50002199D3 /* Build configuration list for PBXProject "LetsEat" */ = {
			isa = XCConfigurationList;
			buildConfigurations = (
				96B18F7425DF7B52002199D3 /* Debug */,
				96B18F7525DF7B52002199D3 /* Release */,
			);
			defaultConfigurationIsVisible = 0;
			defaultConfigurationName = Release;
		};
		96B18F7625DF7B52002199D3 /* Build configuration list for PBXNativeTarget "LetsEat" */ = {
			isa = XCConfigurationList;
			buildConfigurations = (
				96B18F7725DF7B52002199D3 /* Debug */,
				96B18F7825DF7B52002199D3 /* Release */,
			);
			defaultConfigurationIsVisible = 0;
			defaultConfigurationName = Release;
		};
/* End XCConfigurationList section */
	};
	rootObject = 96B18F5A25DF7B50002199D3 /* Project object */;
}
