// !$*UTF8*$!
{
	archiveVersion = 1;
	classes = {
	};
	objectVersion = 50;
	objects = {

/* Begin PBXBuildFile section */
		963B0EE925EB368900A25110 /* Portland.json in Resources */ = {isa = PBXBuildFile; fileRef = 963B0EDB25EB368600A25110 /* Portland.json */; };
		963B0EEA25EB368900A25110 /* Aspen.json in Resources */ = {isa = PBXBuildFile; fileRef = 963B0EDC25EB368600A25110 /* Aspen.json */; };
		963B0EEB25EB368900A25110 /* Boston.json in Resources */ = {isa = PBXBuildFile; fileRef = 963B0EDD25EB368600A25110 /* Boston.json */; };
		963B0EEC25EB368900A25110 /* Houston.json in Resources */ = {isa = PBXBuildFile; fileRef = 963B0EDE25EB368600A25110 /* Houston.json */; };
		963B0EED25EB368900A25110 /* Los Angeles.json in Resources */ = {isa = PBXBuildFile; fileRef = 963B0EDF25EB368700A25110 /* Los Angeles.json */; };
		963B0EEE25EB368900A25110 /* San Antonio.json in Resources */ = {isa = PBXBuildFile; fileRef = 963B0EE025EB368700A25110 /* San Antonio.json */; };
		963B0EEF25EB368900A25110 /* Charleston.json in Resources */ = {isa = PBXBuildFile; fileRef = 963B0EE125EB368700A25110 /* Charleston.json */; };
		963B0EF025EB368900A25110 /* Las Vegas.json in Resources */ = {isa = PBXBuildFile; fileRef = 963B0EE225EB368700A25110 /* Las Vegas.json */; };
		963B0EF125EB368900A25110 /* Miami.json in Resources */ = {isa = PBXBuildFile; fileRef = 963B0EE325EB368700A25110 /* Miami.json */; };
		963B0EF225EB368900A25110 /* New Orleans.json in Resources */ = {isa = PBXBuildFile; fileRef = 963B0EE425EB368800A25110 /* New Orleans.json */; };
		963B0EF325EB368900A25110 /* New York.json in Resources */ = {isa = PBXBuildFile; fileRef = 963B0EE525EB368800A25110 /* New York.json */; };
		963B0EF425EB368900A25110 /* Chicago.json in Resources */ = {isa = PBXBuildFile; fileRef = 963B0EE625EB368900A25110 /* Chicago.json */; };
		963B0EF525EB368900A25110 /* Philadelphia.json in Resources */ = {isa = PBXBuildFile; fileRef = 963B0EE725EB368900A25110 /* Philadelphia.json */; };
		963B0EF625EB368900A25110 /* San Francisco.json in Resources */ = {isa = PBXBuildFile; fileRef = 963B0EE825EB368900A25110 /* San Francisco.json */; };
		963B0EF825EB396000A25110 /* RestaurantAPIManager.swift in Sources */ = {isa = PBXBuildFile; fileRef = 963B0EF725EB396000A25110 /* RestaurantAPIManager.swift */; };
		963B0EFA25EB42DB00A25110 /* LocationItem.swift in Sources */ = {isa = PBXBuildFile; fileRef = 963B0EF925EB42DB00A25110 /* LocationItem.swift */; };
		9642BE5925E5BCCD00AAD723 /* ExploreData.plist in Resources */ = {isa = PBXBuildFile; fileRef = 9642BE5825E5BCCD00AAD723 /* ExploreData.plist */; };
		9642BE5B25E5BDDA00AAD723 /* ExploreItem.swift in Sources */ = {isa = PBXBuildFile; fileRef = 9642BE5A25E5BDDA00AAD723 /* ExploreItem.swift */; };
		9642BE5D25E5C27000AAD723 /* ExploreDataManager.swift in Sources */ = {isa = PBXBuildFile; fileRef = 9642BE5C25E5C27000AAD723 /* ExploreDataManager.swift */; };
		9642BE6025E5CB5800AAD723 /* ExploreCell.swift in Sources */ = {isa = PBXBuildFile; fileRef = 9642BE5F25E5CB5800AAD723 /* ExploreCell.swift */; };
		96495AEB25E87821005477D9 /* MapViewController.swift in Sources */ = {isa = PBXBuildFile; fileRef = 96495AEA25E87821005477D9 /* MapViewController.swift */; };
		9649A32325E0774100B57B12 /* ExploreViewController.swift in Sources */ = {isa = PBXBuildFile; fileRef = 9649A32225E0774100B57B12 /* ExploreViewController.swift */; };
		964A1E2925DF9401001598CB /* Assets.xcassets in Resources */ = {isa = PBXBuildFile; fileRef = 964A1E2825DF9401001598CB /* Assets.xcassets */; };
		96682AC525EDA82A00FB360F /* ExploreHeaderView.swift in Sources */ = {isa = PBXBuildFile; fileRef = 96682AC425EDA82A00FB360F /* ExploreHeaderView.swift */; };
		9694556D25F452A2003279B8 /* FilterData.plist in Resources */ = {isa = PBXBuildFile; fileRef = 9694556C25F452A2003279B8 /* FilterData.plist */; };
		9694556F25F45329003279B8 /* FilterItem.swift in Sources */ = {isa = PBXBuildFile; fileRef = 9694556E25F45329003279B8 /* FilterItem.swift */; };
		9694557125F453F7003279B8 /* FilterManager.swift in Sources */ = {isa = PBXBuildFile; fileRef = 9694557025F453F7003279B8 /* FilterManager.swift */; };
		9694557325F45561003279B8 /* ImageFiltering.swift in Sources */ = {isa = PBXBuildFile; fileRef = 9694557225F45561003279B8 /* ImageFiltering.swift */; };
		9694557525F480D3003279B8 /* FilterCell.swift in Sources */ = {isa = PBXBuildFile; fileRef = 9694557425F480D3003279B8 /* FilterCell.swift */; };
		9694557725F48804003279B8 /* PhotoFilterViewController.swift in Sources */ = {isa = PBXBuildFile; fileRef = 9694557625F48804003279B8 /* PhotoFilterViewController.swift */; };
		969482D525F1A2AD00E739F6 /* RatingsView.swift in Sources */ = {isa = PBXBuildFile; fileRef = 969482D425F1A2AD00E739F6 /* RatingsView.swift */; };
		9697F14525E70DFC003218AE /* LocationViewController.swift in Sources */ = {isa = PBXBuildFile; fileRef = 9697F14425E70DFC003218AE /* LocationViewController.swift */; };
		9697F14725E71825003218AE /* Locations.plist in Resources */ = {isa = PBXBuildFile; fileRef = 9697F14625E71825003218AE /* Locations.plist */; };
		9697F14925E71C01003218AE /* LocationDataManager.swift in Sources */ = {isa = PBXBuildFile; fileRef = 9697F14825E71C01003218AE /* LocationDataManager.swift */; };
		9697F14D25E75474003218AE /* MapLocations.plist in Resources */ = {isa = PBXBuildFile; fileRef = 9697F14C25E75473003218AE /* MapLocations.plist */; };
		9697F14F25E754F7003218AE /* RestaurantItem.swift in Sources */ = {isa = PBXBuildFile; fileRef = 9697F14E25E754F7003218AE /* RestaurantItem.swift */; };
		9697F15125E7616B003218AE /* MapDataManager.swift in Sources */ = {isa = PBXBuildFile; fileRef = 9697F15025E7616B003218AE /* MapDataManager.swift */; };
		9697F15425E766DF003218AE /* DataManager.swift in Sources */ = {isa = PBXBuildFile; fileRef = 9697F15325E766DF003218AE /* DataManager.swift */; };
		96993BEB25F32EC9002B59BC /* ReviewFormViewController.swift in Sources */ = {isa = PBXBuildFile; fileRef = 96993BEA25F32EC9002B59BC /* ReviewFormViewController.swift */; };
		969A186425E9B1DC00DC3060 /* RestaurantDetail.storyboard in Resources */ = {isa = PBXBuildFile; fileRef = 969A186325E9B1DC00DC3060 /* RestaurantDetail.storyboard */; };
		969A186825E9B23D00DC3060 /* ReviewForm.storyboard in Resources */ = {isa = PBXBuildFile; fileRef = 969A186725E9B23D00DC3060 /* ReviewForm.storyboard */; };
		969A186A25E9B24A00DC3060 /* PhotoFilter.storyboard in Resources */ = {isa = PBXBuildFile; fileRef = 969A186925E9B24A00DC3060 /* PhotoFilter.storyboard */; };
		969A186C25E9B5CD00DC3060 /* Segue.swift in Sources */ = {isa = PBXBuildFile; fileRef = 969A186B25E9B5CD00DC3060 /* Segue.swift */; };
		969A186E25E9BA4500DC3060 /* RestaurantDetailViewController.swift in Sources */ = {isa = PBXBuildFile; fileRef = 969A186D25E9BA4500DC3060 /* RestaurantDetailViewController.swift */; };
		96B18F6625DF7B50002199D3 /* AppDelegate.swift in Sources */ = {isa = PBXBuildFile; fileRef = 96B18F6525DF7B50002199D3 /* AppDelegate.swift */; };
		96B18F6825DF7B50002199D3 /* SceneDelegate.swift in Sources */ = {isa = PBXBuildFile; fileRef = 96B18F6725DF7B50002199D3 /* SceneDelegate.swift */; };
		96B18F6D25DF7B50002199D3 /* Main.storyboard in Resources */ = {isa = PBXBuildFile; fileRef = 96B18F6B25DF7B50002199D3 /* Main.storyboard */; };
		96B18F7225DF7B52002199D3 /* LaunchScreen.storyboard in Resources */ = {isa = PBXBuildFile; fileRef = 96B18F7025DF7B52002199D3 /* LaunchScreen.storyboard */; };
		96B674A425E217DA0082A0D4 /* RestauranListViewController.swift in Sources */ = {isa = PBXBuildFile; fileRef = 96B674A325E217DA0082A0D4 /* RestauranListViewController.swift */; };
		96CAF2E825EEF20000218A16 /* RestaurantCell.swift in Sources */ = {isa = PBXBuildFile; fileRef = 96CAF2E725EEF20000218A16 /* RestaurantCell.swift */; };
		96CAF2EB25EF03DB00218A16 /* RestaurantDataManager.swift in Sources */ = {isa = PBXBuildFile; fileRef = 96CAF2EA25EF03DB00218A16 /* RestaurantDataManager.swift */; };
		96CAF2EE25EF4A1E00218A16 /* NoDataView.swift in Sources */ = {isa = PBXBuildFile; fileRef = 96CAF2ED25EF4A1E00218A16 /* NoDataView.swift */; };
		96CAF2F025EF4A6C00218A16 /* NoDataView.xib in Resources */ = {isa = PBXBuildFile; fileRef = 96CAF2EF25EF4A6C00218A16 /* NoDataView.xib */; };
/* End PBXBuildFile section */

/* Begin PBXFileReference section */
		963B0EDB25EB368600A25110 /* Portland.json */ = {isa = PBXFileReference; fileEncoding = 4; lastKnownFileType = text.json; path = Portland.json; sourceTree = "<group>"; };
		963B0EDC25EB368600A25110 /* Aspen.json */ = {isa = PBXFileReference; fileEncoding = 4; lastKnownFileType = text.json; path = Aspen.json; sourceTree = "<group>"; };
		963B0EDD25EB368600A25110 /* Boston.json */ = {isa = PBXFileReference; fileEncoding = 4; lastKnownFileType = text.json; path = Boston.json; sourceTree = "<group>"; };
		963B0EDE25EB368600A25110 /* Houston.json */ = {isa = PBXFileReference; fileEncoding = 4; lastKnownFileType = text.json; path = Houston.json; sourceTree = "<group>"; };
		963B0EDF25EB368700A25110 /* Los Angeles.json */ = {isa = PBXFileReference; fileEncoding = 4; lastKnownFileType = text.json; path = "Los Angeles.json"; sourceTree = "<group>"; };
		963B0EE025EB368700A25110 /* San Antonio.json */ = {isa = PBXFileReference; fileEncoding = 4; lastKnownFileType = text.json; path = "San Antonio.json"; sourceTree = "<group>"; };
		963B0EE125EB368700A25110 /* Charleston.json */ = {isa = PBXFileReference; fileEncoding = 4; lastKnownFileType = text.json; path = Charleston.json; sourceTree = "<group>"; };
		963B0EE225EB368700A25110 /* Las Vegas.json */ = {isa = PBXFileReference; fileEncoding = 4; lastKnownFileType = text.json; path = "Las Vegas.json"; sourceTree = "<group>"; };
		963B0EE325EB368700A25110 /* Miami.json */ = {isa = PBXFileReference; fileEncoding = 4; lastKnownFileType = text.json; path = Miami.json; sourceTree = "<group>"; };
		963B0EE425EB368800A25110 /* New Orleans.json */ = {isa = PBXFileReference; fileEncoding = 4; lastKnownFileType = text.json; path = "New Orleans.json"; sourceTree = "<group>"; };
		963B0EE525EB368800A25110 /* New York.json */ = {isa = PBXFileReference; fileEncoding = 4; lastKnownFileType = text.json; path = "New York.json"; sourceTree = "<group>"; };
		963B0EE625EB368900A25110 /* Chicago.json */ = {isa = PBXFileReference; fileEncoding = 4; lastKnownFileType = text.json; path = Chicago.json; sourceTree = "<group>"; };
		963B0EE725EB368900A25110 /* Philadelphia.json */ = {isa = PBXFileReference; fileEncoding = 4; lastKnownFileType = text.json; path = Philadelphia.json; sourceTree = "<group>"; };
		963B0EE825EB368900A25110 /* San Francisco.json */ = {isa = PBXFileReference; fileEncoding = 4; lastKnownFileType = text.json; path = "San Francisco.json"; sourceTree = "<group>"; };
		963B0EF725EB396000A25110 /* RestaurantAPIManager.swift */ = {isa = PBXFileReference; lastKnownFileType = sourcecode.swift; path = RestaurantAPIManager.swift; sourceTree = "<group>"; };
		963B0EF925EB42DB00A25110 /* LocationItem.swift */ = {isa = PBXFileReference; lastKnownFileType = sourcecode.swift; path = LocationItem.swift; sourceTree = "<group>"; };
		9642BE5825E5BCCD00AAD723 /* ExploreData.plist */ = {isa = PBXFileReference; fileEncoding = 4; lastKnownFileType = text.plist.xml; path = ExploreData.plist; sourceTree = "<group>"; };
		9642BE5A25E5BDDA00AAD723 /* ExploreItem.swift */ = {isa = PBXFileReference; lastKnownFileType = sourcecode.swift; path = ExploreItem.swift; sourceTree = "<group>"; };
		9642BE5C25E5C27000AAD723 /* ExploreDataManager.swift */ = {isa = PBXFileReference; lastKnownFileType = sourcecode.swift; path = ExploreDataManager.swift; sourceTree = "<group>"; };
		9642BE5F25E5CB5800AAD723 /* ExploreCell.swift */ = {isa = PBXFileReference; lastKnownFileType = sourcecode.swift; path = ExploreCell.swift; sourceTree = "<group>"; };
		96495AEA25E87821005477D9 /* MapViewController.swift */ = {isa = PBXFileReference; lastKnownFileType = sourcecode.swift; path = MapViewController.swift; sourceTree = "<group>"; };
		9649A32225E0774100B57B12 /* ExploreViewController.swift */ = {isa = PBXFileReference; lastKnownFileType = sourcecode.swift; path = ExploreViewController.swift; sourceTree = "<group>"; };
		964A1E2825DF9401001598CB /* Assets.xcassets */ = {isa = PBXFileReference; lastKnownFileType = folder.assetcatalog; path = Assets.xcassets; sourceTree = "<group>"; };
		96682AC425EDA82A00FB360F /* ExploreHeaderView.swift */ = {isa = PBXFileReference; lastKnownFileType = sourcecode.swift; path = ExploreHeaderView.swift; sourceTree = "<group>"; };
		9694556C25F452A2003279B8 /* FilterData.plist */ = {isa = PBXFileReference; fileEncoding = 4; lastKnownFileType = text.plist.xml; path = FilterData.plist; sourceTree = "<group>"; };
		9694556E25F45329003279B8 /* FilterItem.swift */ = {isa = PBXFileReference; lastKnownFileType = sourcecode.swift; path = FilterItem.swift; sourceTree = "<group>"; };
		9694557025F453F7003279B8 /* FilterManager.swift */ = {isa = PBXFileReference; lastKnownFileType = sourcecode.swift; path = FilterManager.swift; sourceTree = "<group>"; };
		9694557225F45561003279B8 /* ImageFiltering.swift */ = {isa = PBXFileReference; lastKnownFileType = sourcecode.swift; path = ImageFiltering.swift; sourceTree = "<group>"; };
		9694557425F480D3003279B8 /* FilterCell.swift */ = {isa = PBXFileReference; lastKnownFileType = sourcecode.swift; path = FilterCell.swift; sourceTree = "<group>"; };
		9694557625F48804003279B8 /* PhotoFilterViewController.swift */ = {isa = PBXFileReference; lastKnownFileType = sourcecode.swift; path = PhotoFilterViewController.swift; sourceTree = "<group>"; };
		969482D425F1A2AD00E739F6 /* RatingsView.swift */ = {isa = PBXFileReference; lastKnownFileType = sourcecode.swift; path = RatingsView.swift; sourceTree = "<group>"; };
		9697F14425E70DFC003218AE /* LocationViewController.swift */ = {isa = PBXFileReference; lastKnownFileType = sourcecode.swift; path = LocationViewController.swift; sourceTree = "<group>"; };
		9697F14625E71825003218AE /* Locations.plist */ = {isa = PBXFileReference; lastKnownFileType = text.plist.xml; path = Locations.plist; sourceTree = "<group>"; };
		9697F14825E71C01003218AE /* LocationDataManager.swift */ = {isa = PBXFileReference; lastKnownFileType = sourcecode.swift; path = LocationDataManager.swift; sourceTree = "<group>"; };
		9697F14C25E75473003218AE /* MapLocations.plist */ = {isa = PBXFileReference; fileEncoding = 4; lastKnownFileType = text.plist.xml; path = MapLocations.plist; sourceTree = "<group>"; };
		9697F14E25E754F7003218AE /* RestaurantItem.swift */ = {isa = PBXFileReference; lastKnownFileType = sourcecode.swift; path = RestaurantItem.swift; sourceTree = "<group>"; };
		9697F15025E7616B003218AE /* MapDataManager.swift */ = {isa = PBXFileReference; lastKnownFileType = sourcecode.swift; path = MapDataManager.swift; sourceTree = "<group>"; };
		9697F15325E766DF003218AE /* DataManager.swift */ = {isa = PBXFileReference; lastKnownFileType = sourcecode.swift; path = DataManager.swift; sourceTree = "<group>"; };
		96993BEA25F32EC9002B59BC /* ReviewFormViewController.swift */ = {isa = PBXFileReference; lastKnownFileType = sourcecode.swift; path = ReviewFormViewController.swift; sourceTree = "<group>"; };
		969A186325E9B1DC00DC3060 /* RestaurantDetail.storyboard */ = {isa = PBXFileReference; fileEncoding = 4; lastKnownFileType = file.storyboard; path = RestaurantDetail.storyboard; sourceTree = "<group>"; };
		969A186725E9B23D00DC3060 /* ReviewForm.storyboard */ = {isa = PBXFileReference; fileEncoding = 4; lastKnownFileType = file.storyboard; path = ReviewForm.storyboard; sourceTree = "<group>"; };
		969A186925E9B24A00DC3060 /* PhotoFilter.storyboard */ = {isa = PBXFileReference; fileEncoding = 4; lastKnownFileType = file.storyboard; path = PhotoFilter.storyboard; sourceTree = "<group>"; };
		969A186B25E9B5CD00DC3060 /* Segue.swift */ = {isa = PBXFileReference; lastKnownFileType = sourcecode.swift; path = Segue.swift; sourceTree = "<group>"; };
		969A186D25E9BA4500DC3060 /* RestaurantDetailViewController.swift */ = {isa = PBXFileReference; lastKnownFileType = sourcecode.swift; path = RestaurantDetailViewController.swift; sourceTree = "<group>"; };
		96B18F6225DF7B50002199D3 /* LetsEat.app */ = {isa = PBXFileReference; explicitFileType = wrapper.application; includeInIndex = 0; path = LetsEat.app; sourceTree = BUILT_PRODUCTS_DIR; };
		96B18F6525DF7B50002199D3 /* AppDelegate.swift */ = {isa = PBXFileReference; lastKnownFileType = sourcecode.swift; path = AppDelegate.swift; sourceTree = "<group>"; };
		96B18F6725DF7B50002199D3 /* SceneDelegate.swift */ = {isa = PBXFileReference; lastKnownFileType = sourcecode.swift; path = SceneDelegate.swift; sourceTree = "<group>"; };
		96B18F6C25DF7B50002199D3 /* Base */ = {isa = PBXFileReference; lastKnownFileType = file.storyboard; name = Base; path = Base.lproj/Main.storyboard; sourceTree = "<group>"; };
		96B18F7125DF7B52002199D3 /* Base */ = {isa = PBXFileReference; lastKnownFileType = file.storyboard; name = Base; path = Base.lproj/LaunchScreen.storyboard; sourceTree = "<group>"; };
		96B18F7325DF7B52002199D3 /* Info.plist */ = {isa = PBXFileReference; lastKnownFileType = text.plist.xml; path = Info.plist; sourceTree = "<group>"; };
		96B674A325E217DA0082A0D4 /* RestauranListViewController.swift */ = {isa = PBXFileReference; lastKnownFileType = sourcecode.swift; path = RestauranListViewController.swift; sourceTree = "<group>"; };
		96CAF2E725EEF20000218A16 /* RestaurantCell.swift */ = {isa = PBXFileReference; lastKnownFileType = sourcecode.swift; path = RestaurantCell.swift; sourceTree = "<group>"; };
		96CAF2EA25EF03DB00218A16 /* RestaurantDataManager.swift */ = {isa = PBXFileReference; lastKnownFileType = sourcecode.swift; path = RestaurantDataManager.swift; sourceTree = "<group>"; };
		96CAF2ED25EF4A1E00218A16 /* NoDataView.swift */ = {isa = PBXFileReference; lastKnownFileType = sourcecode.swift; path = NoDataView.swift; sourceTree = "<group>"; };
		96CAF2EF25EF4A6C00218A16 /* NoDataView.xib */ = {isa = PBXFileReference; lastKnownFileType = file.xib; path = NoDataView.xib; sourceTree = "<group>"; };
/* End PBXFileReference section */

/* Begin PBXFrameworksBuildPhase section */
		96B18F5F25DF7B50002199D3 /* Frameworks */ = {
			isa = PBXFrameworksBuildPhase;
			buildActionMask = 2147483647;
			files = (
			);
			runOnlyForDeploymentPostprocessing = 0;
		};
/* End PBXFrameworksBuildPhase section */

/* Begin PBXGroup section */
		963B0EDA25EB365C00A25110 /* JSON */ = {
			isa = PBXGroup;
			children = (
				963B0EDC25EB368600A25110 /* Aspen.json */,
				963B0EDD25EB368600A25110 /* Boston.json */,
				963B0EE125EB368700A25110 /* Charleston.json */,
				963B0EE625EB368900A25110 /* Chicago.json */,
				963B0EDE25EB368600A25110 /* Houston.json */,
				963B0EE225EB368700A25110 /* Las Vegas.json */,
				963B0EDF25EB368700A25110 /* Los Angeles.json */,
				963B0EE325EB368700A25110 /* Miami.json */,
				963B0EE425EB368800A25110 /* New Orleans.json */,
				963B0EE525EB368800A25110 /* New York.json */,
				963B0EE725EB368900A25110 /* Philadelphia.json */,
				963B0EDB25EB368600A25110 /* Portland.json */,
				963B0EE025EB368700A25110 /* San Antonio.json */,
				963B0EE825EB368900A25110 /* San Francisco.json */,
				963B0EF725EB396000A25110 /* RestaurantAPIManager.swift */,
			);
			path = JSON;
			sourceTree = "<group>";
		};
		9642BE5725E5BC9900AAD723 /* Model */ = {
			isa = PBXGroup;
			children = (
				9642BE5825E5BCCD00AAD723 /* ExploreData.plist */,
				9642BE5A25E5BDDA00AAD723 /* ExploreItem.swift */,
				9642BE5C25E5C27000AAD723 /* ExploreDataManager.swift */,
			);
			path = Model;
			sourceTree = "<group>";
		};
		9642BE5E25E5CAFD00AAD723 /* View */ = {
			isa = PBXGroup;
			children = (
				9642BE5F25E5CB5800AAD723 /* ExploreCell.swift */,
				96682AC425EDA82A00FB360F /* ExploreHeaderView.swift */,
			);
			path = View;
			sourceTree = "<group>";
		};
		9649A32125E0767500B57B12 /* Explore */ = {
			isa = PBXGroup;
			children = (
				9642BE5725E5BC9900AAD723 /* Model */,
				9642BE5E25E5CAFD00AAD723 /* View */,
				9649A32225E0774100B57B12 /* ExploreViewController.swift */,
			);
			path = Explore;
			sourceTree = "<group>";
		};
		9694556B25F4528C003279B8 /* Model */ = {
			isa = PBXGroup;
			children = (
				9694556C25F452A2003279B8 /* FilterData.plist */,
				9694556E25F45329003279B8 /* FilterItem.swift */,
			);
			path = Model;
			sourceTree = "<group>";
		};
		9697F14125E70D85003218AE /* Location */ = {
			isa = PBXGroup;
			children = (
				9697F14325E70DA1003218AE /* Model */,
				9697F14225E70D91003218AE /* View */,
				9697F14425E70DFC003218AE /* LocationViewController.swift */,
			);
			path = Location;
			sourceTree = "<group>";
		};
		9697F14225E70D91003218AE /* View */ = {
			isa = PBXGroup;
			children = (
			);
			path = View;
			sourceTree = "<group>";
		};
		9697F14325E70DA1003218AE /* Model */ = {
			isa = PBXGroup;
			children = (
				9697F14625E71825003218AE /* Locations.plist */,
				9697F14825E71C01003218AE /* LocationDataManager.swift */,
				963B0EF925EB42DB00A25110 /* LocationItem.swift */,
			);
			path = Model;
			sourceTree = "<group>";
		};
		9697F14A25E753D4003218AE /* Map */ = {
			isa = PBXGroup;
			children = (
				9697F14B25E753DF003218AE /* Model */,
				96495AEA25E87821005477D9 /* MapViewController.swift */,
			);
			path = Map;
			sourceTree = "<group>";
		};
		9697F14B25E753DF003218AE /* Model */ = {
			isa = PBXGroup;
			children = (
				9697F14C25E75473003218AE /* MapLocations.plist */,
				9697F14E25E754F7003218AE /* RestaurantItem.swift */,
				9697F15025E7616B003218AE /* MapDataManager.swift */,
			);
			path = Model;
			sourceTree = "<group>";
		};
		9697F15225E766BE003218AE /* Misc */ = {
			isa = PBXGroup;
			children = (
				96CAF2EC25EF49D500218A16 /* No Data */,
				963B0EDA25EB365C00A25110 /* JSON */,
				9697F15325E766DF003218AE /* DataManager.swift */,
				969A186B25E9B5CD00DC3060 /* Segue.swift */,
			);
			path = Misc;
			sourceTree = "<group>";
		};
		969A186225E9B19600DC3060 /* RestaurantDetail */ = {
			isa = PBXGroup;
			children = (
				969A186325E9B1DC00DC3060 /* RestaurantDetail.storyboard */,
				969A186D25E9BA4500DC3060 /* RestaurantDetailViewController.swift */,
			);
			path = RestaurantDetail;
			sourceTree = "<group>";
		};
		969A186525E9B20200DC3060 /* ReviewForm */ = {
			isa = PBXGroup;
			children = (
				969A186725E9B23D00DC3060 /* ReviewForm.storyboard */,
				969482D425F1A2AD00E739F6 /* RatingsView.swift */,
				96993BEA25F32EC9002B59BC /* ReviewFormViewController.swift */,
			);
			path = ReviewForm;
			sourceTree = "<group>";
		};
		969A186625E9B22100DC3060 /* PhotoFilter */ = {
			isa = PBXGroup;
			children = (
				9694556B25F4528C003279B8 /* Model */,
				969A186925E9B24A00DC3060 /* PhotoFilter.storyboard */,
				9694557025F453F7003279B8 /* FilterManager.swift */,
				9694557225F45561003279B8 /* ImageFiltering.swift */,
				9694557425F480D3003279B8 /* FilterCell.swift */,
				9694557625F48804003279B8 /* PhotoFilterViewController.swift */,
			);
			path = PhotoFilter;
			sourceTree = "<group>";
		};
		96B18F5925DF7B50002199D3 = {
			isa = PBXGroup;
			children = (
				96B18F6425DF7B50002199D3 /* LetsEat */,
				96B18F6325DF7B50002199D3 /* Products */,
			);
			sourceTree = "<group>";
		};
		96B18F6325DF7B50002199D3 /* Products */ = {
			isa = PBXGroup;
			children = (
				96B18F6225DF7B50002199D3 /* LetsEat.app */,
			);
			name = Products;
			sourceTree = "<group>";
		};
		96B18F6425DF7B50002199D3 /* LetsEat */ = {
			isa = PBXGroup;
			children = (
				969A186625E9B22100DC3060 /* PhotoFilter */,
				969A186525E9B20200DC3060 /* ReviewForm */,
				969A186225E9B19600DC3060 /* RestaurantDetail */,
				9697F15225E766BE003218AE /* Misc */,
				9697F14A25E753D4003218AE /* Map */,
				9697F14125E70D85003218AE /* Location */,
				96B674A225E2177C0082A0D4 /* Restaurants */,
				9649A32125E0767500B57B12 /* Explore */,
				96B18F6525DF7B50002199D3 /* AppDelegate.swift */,
				96B18F6725DF7B50002199D3 /* SceneDelegate.swift */,
				96B18F6B25DF7B50002199D3 /* Main.storyboard */,
				964A1E2825DF9401001598CB /* Assets.xcassets */,
				96B18F7025DF7B52002199D3 /* LaunchScreen.storyboard */,
				96B18F7325DF7B52002199D3 /* Info.plist */,
			);
			path = LetsEat;
			sourceTree = "<group>";
		};
		96B674A225E2177C0082A0D4 /* Restaurants */ = {
			isa = PBXGroup;
			children = (
				96CAF2E925EF039900218A16 /* Model */,
				96CAF2E625EEF16200218A16 /* View */,
				96B674A325E217DA0082A0D4 /* RestauranListViewController.swift */,
			);
			path = Restaurants;
			sourceTree = "<group>";
		};
		96CAF2E625EEF16200218A16 /* View */ = {
			isa = PBXGroup;
			children = (
				96CAF2E725EEF20000218A16 /* RestaurantCell.swift */,
			);
			path = View;
			sourceTree = "<group>";
		};
		96CAF2E925EF039900218A16 /* Model */ = {
			isa = PBXGroup;
			children = (
				96CAF2EA25EF03DB00218A16 /* RestaurantDataManager.swift */,
			);
			path = Model;
			sourceTree = "<group>";
		};
		96CAF2EC25EF49D500218A16 /* No Data */ = {
			isa = PBXGroup;
			children = (
				96CAF2ED25EF4A1E00218A16 /* NoDataView.swift */,
				96CAF2EF25EF4A6C00218A16 /* NoDataView.xib */,
			);
			path = "No Data";
			sourceTree = "<group>";
		};
/* End PBXGroup section */

/* Begin PBXNativeTarget section */
		96B18F6125DF7B50002199D3 /* LetsEat */ = {
			isa = PBXNativeTarget;
			buildConfigurationList = 96B18F7625DF7B52002199D3 /* Build configuration list for PBXNativeTarget "LetsEat" */;
			buildPhases = (
				96B18F5E25DF7B50002199D3 /* Sources */,
				96B18F5F25DF7B50002199D3 /* Frameworks */,
				96B18F6025DF7B50002199D3 /* Resources */,
			);
			buildRules = (
			);
			dependencies = (
			);
			name = LetsEat;
			productName = LetsEat;
			productReference = 96B18F6225DF7B50002199D3 /* LetsEat.app */;
			productType = "com.apple.product-type.application";
		};
/* End PBXNativeTarget section */

/* Begin PBXProject section */
		96B18F5A25DF7B50002199D3 /* Project object */ = {
			isa = PBXProject;
			attributes = {
				LastSwiftUpdateCheck = 1170;
				LastUpgradeCheck = 1170;
				ORGANIZATIONNAME = AmauryGz;
				TargetAttributes = {
					96B18F6125DF7B50002199D3 = {
						CreatedOnToolsVersion = 11.7;
					};
				};
			};
			buildConfigurationList = 96B18F5D25DF7B50002199D3 /* Build configuration list for PBXProject "LetsEat" */;
			compatibilityVersion = "Xcode 9.3";
			developmentRegion = en;
			hasScannedForEncodings = 0;
			knownRegions = (
				en,
				Base,
			);
			mainGroup = 96B18F5925DF7B50002199D3;
			productRefGroup = 96B18F6325DF7B50002199D3 /* Products */;
			projectDirPath = "";
			projectRoot = "";
			targets = (
				96B18F6125DF7B50002199D3 /* LetsEat */,
			);
		};
/* End PBXProject section */

/* Begin PBXResourcesBuildPhase section */
		96B18F6025DF7B50002199D3 /* Resources */ = {
			isa = PBXResourcesBuildPhase;
			buildActionMask = 2147483647;
			files = (
				963B0EEB25EB368900A25110 /* Boston.json in Resources */,
				963B0EF125EB368900A25110 /* Miami.json in Resources */,
				963B0EF525EB368900A25110 /* Philadelphia.json in Resources */,
				963B0EED25EB368900A25110 /* Los Angeles.json in Resources */,
				9642BE5925E5BCCD00AAD723 /* ExploreData.plist in Resources */,
				963B0EF325EB368900A25110 /* New York.json in Resources */,
				963B0EE925EB368900A25110 /* Portland.json in Resources */,
				963B0EEA25EB368900A25110 /* Aspen.json in Resources */,
				96B18F7225DF7B52002199D3 /* LaunchScreen.storyboard in Resources */,
				96CAF2F025EF4A6C00218A16 /* NoDataView.xib in Resources */,
				963B0EF425EB368900A25110 /* Chicago.json in Resources */,
				969A186A25E9B24A00DC3060 /* PhotoFilter.storyboard in Resources */,
				963B0EEE25EB368900A25110 /* San Antonio.json in Resources */,
				963B0EEC25EB368900A25110 /* Houston.json in Resources */,
				969A186825E9B23D00DC3060 /* ReviewForm.storyboard in Resources */,
				963B0EEF25EB368900A25110 /* Charleston.json in Resources */,
				963B0EF025EB368900A25110 /* Las Vegas.json in Resources */,
				9694556D25F452A2003279B8 /* FilterData.plist in Resources */,
				964A1E2925DF9401001598CB /* Assets.xcassets in Resources */,
				9697F14725E71825003218AE /* Locations.plist in Resources */,
				969A186425E9B1DC00DC3060 /* RestaurantDetail.storyboard in Resources */,
				963B0EF225EB368900A25110 /* New Orleans.json in Resources */,
				963B0EF625EB368900A25110 /* San Francisco.json in Resources */,
				9697F14D25E75474003218AE /* MapLocations.plist in Resources */,
				96B18F6D25DF7B50002199D3 /* Main.storyboard in Resources */,
			);
			runOnlyForDeploymentPostprocessing = 0;
		};
/* End PBXResourcesBuildPhase section */

/* Begin PBXSourcesBuildPhase section */
		96B18F5E25DF7B50002199D3 /* Sources */ = {
			isa = PBXSourcesBuildPhase;
			buildActionMask = 2147483647;
			files = (
				9694556F25F45329003279B8 /* FilterItem.swift in Sources */,
				9694557725F48804003279B8 /* PhotoFilterViewController.swift in Sources */,
				96CAF2EB25EF03DB00218A16 /* RestaurantDataManager.swift in Sources */,
				96993BEB25F32EC9002B59BC /* ReviewFormViewController.swift in Sources */,
				963B0EFA25EB42DB00A25110 /* LocationItem.swift in Sources */,
				96682AC525EDA82A00FB360F /* ExploreHeaderView.swift in Sources */,
				9642BE5B25E5BDDA00AAD723 /* ExploreItem.swift in Sources */,
				9697F15425E766DF003218AE /* DataManager.swift in Sources */,
				9697F15125E7616B003218AE /* MapDataManager.swift in Sources */,
				963B0EF825EB396000A25110 /* RestaurantAPIManager.swift in Sources */,
				969482D525F1A2AD00E739F6 /* RatingsView.swift in Sources */,
				9642BE6025E5CB5800AAD723 /* ExploreCell.swift in Sources */,
				96B674A425E217DA0082A0D4 /* RestauranListViewController.swift in Sources */,
				969A186C25E9B5CD00DC3060 /* Segue.swift in Sources */,
				96CAF2EE25EF4A1E00218A16 /* NoDataView.swift in Sources */,
				96CAF2E825EEF20000218A16 /* RestaurantCell.swift in Sources */,
				9694557125F453F7003279B8 /* FilterManager.swift in Sources */,
				969A186E25E9BA4500DC3060 /* RestaurantDetailViewController.swift in Sources */,
				96B18F6625DF7B50002199D3 /* AppDelegate.swift in Sources */,
				96495AEB25E87821005477D9 /* MapViewController.swift in Sources */,
				96B18F6825DF7B50002199D3 /* SceneDelegate.swift in Sources */,
				9649A32325E0774100B57B12 /* ExploreViewController.swift in Sources */,
				9642BE5D25E5C27000AAD723 /* ExploreDataManager.swift in Sources */,
				9694557325F45561003279B8 /* ImageFiltering.swift in Sources */,
				9697F14F25E754F7003218AE /* RestaurantItem.swift in Sources */,
				9697F14925E71C01003218AE /* LocationDataManager.swift in Sources */,
				9694557525F480D3003279B8 /* FilterCell.swift in Sources */,
				9697F14525E70DFC003218AE /* LocationViewController.swift in Sources */,
			);
			runOnlyForDeploymentPostprocessing = 0;
		};
/* End PBXSourcesBuildPhase section */

/* Begin PBXVariantGroup section */
		96B18F6B25DF7B50002199D3 /* Main.storyboard */ = {
			isa = PBXVariantGroup;
			children = (
				96B18F6C25DF7B50002199D3 /* Base */,
			);
			name = Main.storyboard;
			sourceTree = "<group>";
		};
		96B18F7025DF7B52002199D3 /* LaunchScreen.storyboard */ = {
			isa = PBXVariantGroup;
			children = (
				96B18F7125DF7B52002199D3 /* Base */,
			);
			name = LaunchScreen.storyboard;
			sourceTree = "<group>";
		};
/* End PBXVariantGroup section */

/* Begin XCBuildConfiguration section */
		96B18F7425DF7B52002199D3 /* Debug */ = {
			isa = XCBuildConfiguration;
			buildSettings = {
				ALWAYS_SEARCH_USER_PATHS = NO;
				CLANG_ANALYZER_NONNULL = YES;
				CLANG_ANALYZER_NUMBER_OBJECT_CONVERSION = YES_AGGRESSIVE;
				CLANG_CXX_LANGUAGE_STANDARD = "gnu++14";
				CLANG_CXX_LIBRARY = "libc++";
				CLANG_ENABLE_MODULES = YES;
				CLANG_ENABLE_OBJC_ARC = YES;
				CLANG_ENABLE_OBJC_WEAK = YES;
				CLANG_WARN_BLOCK_CAPTURE_AUTORELEASING = YES;
				CLANG_WARN_BOOL_CONVERSION = YES;
				CLANG_WARN_COMMA = YES;
				CLANG_WARN_CONSTANT_CONVERSION = YES;
				CLANG_WARN_DEPRECATED_OBJC_IMPLEMENTATIONS = YES;
				CLANG_WARN_DIRECT_OBJC_ISA_USAGE = YES_ERROR;
				CLANG_WARN_DOCUMENTATION_COMMENTS = YES;
				CLANG_WARN_EMPTY_BODY = YES;
				CLANG_WARN_ENUM_CONVERSION = YES;
				CLANG_WARN_INFINITE_RECURSION = YES;
				CLANG_WARN_INT_CONVERSION = YES;
				CLANG_WARN_NON_LITERAL_NULL_CONVERSION = YES;
				CLANG_WARN_OBJC_IMPLICIT_RETAIN_SELF = YES;
				CLANG_WARN_OBJC_LITERAL_CONVERSION = YES;
				CLANG_WARN_OBJC_ROOT_CLASS = YES_ERROR;
				CLANG_WARN_RANGE_LOOP_ANALYSIS = YES;
				CLANG_WARN_STRICT_PROTOTYPES = YES;
				CLANG_WARN_SUSPICIOUS_MOVE = YES;
				CLANG_WARN_UNGUARDED_AVAILABILITY = YES_AGGRESSIVE;
				CLANG_WARN_UNREACHABLE_CODE = YES;
				CLANG_WARN__DUPLICATE_METHOD_MATCH = YES;
				COPY_PHASE_STRIP = NO;
				DEBUG_INFORMATION_FORMAT = dwarf;
				ENABLE_STRICT_OBJC_MSGSEND = YES;
				ENABLE_TESTABILITY = YES;
				GCC_C_LANGUAGE_STANDARD = gnu11;
				GCC_DYNAMIC_NO_PIC = NO;
				GCC_NO_COMMON_BLOCKS = YES;
				GCC_OPTIMIZATION_LEVEL = 0;
				GCC_PREPROCESSOR_DEFINITIONS = (
					"DEBUG=1",
					"$(inherited)",
				);
				GCC_WARN_64_TO_32_BIT_CONVERSION = YES;
				GCC_WARN_ABOUT_RETURN_TYPE = YES_ERROR;
				GCC_WARN_UNDECLARED_SELECTOR = YES;
				GCC_WARN_UNINITIALIZED_AUTOS = YES_AGGRESSIVE;
				GCC_WARN_UNUSED_FUNCTION = YES;
				GCC_WARN_UNUSED_VARIABLE = YES;
				IPHONEOS_DEPLOYMENT_TARGET = 13.7;
				MTL_ENABLE_DEBUG_INFO = INCLUDE_SOURCE;
				MTL_FAST_MATH = YES;
				ONLY_ACTIVE_ARCH = YES;
				SDKROOT = iphoneos;
				SWIFT_ACTIVE_COMPILATION_CONDITIONS = DEBUG;
				SWIFT_OPTIMIZATION_LEVEL = "-Onone";
			};
			name = Debug;
		};
		96B18F7525DF7B52002199D3 /* Release */ = {
			isa = XCBuildConfiguration;
			buildSettings = {
				ALWAYS_SEARCH_USER_PATHS = NO;
				CLANG_ANALYZER_NONNULL = YES;
				CLANG_ANALYZER_NUMBER_OBJECT_CONVERSION = YES_AGGRESSIVE;
				CLANG_CXX_LANGUAGE_STANDARD = "gnu++14";
				CLANG_CXX_LIBRARY = "libc++";
				CLANG_ENABLE_MODULES = YES;
				CLANG_ENABLE_OBJC_ARC = YES;
				CLANG_ENABLE_OBJC_WEAK = YES;
				CLANG_WARN_BLOCK_CAPTURE_AUTORELEASING = YES;
				CLANG_WARN_BOOL_CONVERSION = YES;
				CLANG_WARN_COMMA = YES;
				CLANG_WARN_CONSTANT_CONVERSION = YES;
				CLANG_WARN_DEPRECATED_OBJC_IMPLEMENTATIONS = YES;
				CLANG_WARN_DIRECT_OBJC_ISA_USAGE = YES_ERROR;
				CLANG_WARN_DOCUMENTATION_COMMENTS = YES;
				CLANG_WARN_EMPTY_BODY = YES;
				CLANG_WARN_ENUM_CONVERSION = YES;
				CLANG_WARN_INFINITE_RECURSION = YES;
				CLANG_WARN_INT_CONVERSION = YES;
				CLANG_WARN_NON_LITERAL_NULL_CONVERSION = YES;
				CLANG_WARN_OBJC_IMPLICIT_RETAIN_SELF = YES;
				CLANG_WARN_OBJC_LITERAL_CONVERSION = YES;
				CLANG_WARN_OBJC_ROOT_CLASS = YES_ERROR;
				CLANG_WARN_RANGE_LOOP_ANALYSIS = YES;
				CLANG_WARN_STRICT_PROTOTYPES = YES;
				CLANG_WARN_SUSPICIOUS_MOVE = YES;
				CLANG_WARN_UNGUARDED_AVAILABILITY = YES_AGGRESSIVE;
				CLANG_WARN_UNREACHABLE_CODE = YES;
				CLANG_WARN__DUPLICATE_METHOD_MATCH = YES;
				COPY_PHASE_STRIP = NO;
				DEBUG_INFORMATION_FORMAT = "dwarf-with-dsym";
				ENABLE_NS_ASSERTIONS = NO;
				ENABLE_STRICT_OBJC_MSGSEND = YES;
				GCC_C_LANGUAGE_STANDARD = gnu11;
				GCC_NO_COMMON_BLOCKS = YES;
				GCC_WARN_64_TO_32_BIT_CONVERSION = YES;
				GCC_WARN_ABOUT_RETURN_TYPE = YES_ERROR;
				GCC_WARN_UNDECLARED_SELECTOR = YES;
				GCC_WARN_UNINITIALIZED_AUTOS = YES_AGGRESSIVE;
				GCC_WARN_UNUSED_FUNCTION = YES;
				GCC_WARN_UNUSED_VARIABLE = YES;
				IPHONEOS_DEPLOYMENT_TARGET = 13.7;
				MTL_ENABLE_DEBUG_INFO = NO;
				MTL_FAST_MATH = YES;
				SDKROOT = iphoneos;
				SWIFT_COMPILATION_MODE = wholemodule;
				SWIFT_OPTIMIZATION_LEVEL = "-O";
				VALIDATE_PRODUCT = YES;
			};
			name = Release;
		};
		96B18F7725DF7B52002199D3 /* Debug */ = {
			isa = XCBuildConfiguration;
			buildSettings = {
				ASSETCATALOG_COMPILER_APPICON_NAME = AppIcon;
				CODE_SIGN_STYLE = Automatic;
				DEVELOPMENT_TEAM = 5D4U26VJUR;
				INFOPLIST_FILE = LetsEat/Info.plist;
				LD_RUNPATH_SEARCH_PATHS = (
					"$(inherited)",
					"@executable_path/Frameworks",
				);
				PRODUCT_BUNDLE_IDENTIFIER = com.gzamaury.LetsEat;
				PRODUCT_NAME = "$(TARGET_NAME)";
				SWIFT_VERSION = 5.0;
				TARGETED_DEVICE_FAMILY = "1,2";
			};
			name = Debug;
		};
		96B18F7825DF7B52002199D3 /* Release */ = {
			isa = XCBuildConfiguration;
			buildSettings = {
				ASSETCATALOG_COMPILER_APPICON_NAME = AppIcon;
				CODE_SIGN_STYLE = Automatic;
				DEVELOPMENT_TEAM = 5D4U26VJUR;
				INFOPLIST_FILE = LetsEat/Info.plist;
				LD_RUNPATH_SEARCH_PATHS = (
					"$(inherited)",
					"@executable_path/Frameworks",
				);
				PRODUCT_BUNDLE_IDENTIFIER = com.gzamaury.LetsEat;
				PRODUCT_NAME = "$(TARGET_NAME)";
				SWIFT_VERSION = 5.0;
				TARGETED_DEVICE_FAMILY = "1,2";
			};
			name = Release;
		};
/* End XCBuildConfiguration section */

/* Begin XCConfigurationList section */
		96B18F5D25DF7B50002199D3 /* Build configuration list for PBXProject "LetsEat" */ = {
			isa = XCConfigurationList;
			buildConfigurations = (
				96B18F7425DF7B52002199D3 /* Debug */,
				96B18F7525DF7B52002199D3 /* Release */,
			);
			defaultConfigurationIsVisible = 0;
			defaultConfigurationName = Release;
		};
		96B18F7625DF7B52002199D3 /* Build configuration list for PBXNativeTarget "LetsEat" */ = {
			isa = XCConfigurationList;
			buildConfigurations = (
				96B18F7725DF7B52002199D3 /* Debug */,
				96B18F7825DF7B52002199D3 /* Release */,
			);
			defaultConfigurationIsVisible = 0;
			defaultConfigurationName = Release;
		};
/* End XCConfigurationList section */
	};
	rootObject = 96B18F5A25DF7B50002199D3 /* Project object */;
}
